
Microsoft Visual Studio Solution File, Format Version 12.00
# Visual Studio 15
VisualStudioVersion = 15.0.27428.2015
MinimumVisualStudioVersion = 10.0.40219.1
Project("{FAE04EC0-301F-11D3-BF4B-00C04F79EFBC}") = "WebAPI", "WebAPI\WebAPI.csproj", "{A90E1BE2-7C0F-4F99-8632-84C9C520768C}"
EndProject
Global
	GlobalSection(SolutionConfigurationPlatforms) = preSolution
		Debug|Any CPU = Debug|Any CPU
		Release|Any CPU = Release|Any CPU
	EndGlobalSection
	GlobalSection(ProjectConfigurationPlatforms) = postSolution
		{A90E1BE2-7C0F-4F99-8632-84C9C520768C}.Debug|Any CPU.ActiveCfg = Debug|Any CPU
		{A90E1BE2-7C0F-4F99-8632-84C9C520768C}.Debug|Any CPU.Build.0 = Debug|Any CPU
		{A90E1BE2-7C0F-4F99-8632-84C9C520768C}.Release|Any CPU.ActiveCfg = Release|Any CPU
		{A90E1BE2-7C0F-4F99-8632-84C9C520768C}.Release|Any CPU.Build.0 = Release|Any CPU
	EndGlobalSection
	GlobalSection(SolutionProperties) = preSolution
		HideSolutionNode = FALSE
	EndGlobalSection
	GlobalSection(ExtensibilityGlobals) = postSolution
		SolutionGuid = {E3928FA6-4481-4995-BE35-DF1D6C712C7B}
	EndGlobalSection
EndGlobal
